# This file is autogenerated, do not edit; changes may be undone by the next 'dep ensure'.


[[projects]]
  name = "github.com/dimfeld/httptreemux"
  packages = ["."]
  revision = "8cc36ee10f84b82d0742ffcab770815c7d3f9ad7"
  version = "v5.0.0"

[[projects]]
  branch = "master"
  name = "github.com/golang/freetype"
  packages = [
    ".",
    "raster",
    "truetype"
  ]
  revision = "e2365dfdc4a05e4b8299a783240d4a7d5a65d4e4"

[[projects]]
  branch = "master"
  name = "github.com/muesli/cache2go"
  packages = ["."]
  revision = "e380d1f7612d4db2fe4bed4c85ef99a320b27b81"

[[projects]]
  branch = "master"
  name = "github.com/tevjef/go-runtime-metrics"
  packages = [
    "collector",
    "expvar",
    "influxdb"
  ]
  revision = "527a540293077c77cf70479bbf9f8efb9f818cb2"

[[projects]]
  branch = "master"
  name = "golang.org/x/image"
  packages = [
    "font",
    "math/fixed"
  ]
  revision = "12117c17ca67ffa1ce22e9409f3b0b0a93ac08c7"

[solve-meta]
  analyzer-name = "dep"
  analyzer-version = 1
  inputs-digest = "dee15eba7c8ca7fe383fd2f38f984cfce8392722b702665d6a92716e116d0d4b"
  solver-name = "gps-cdcl"
  solver-version = 1
